{
  "version": 4,
  "terraform_version": "1.15.8",
  "serial": 10,
  "lineage": "d527ffac-7bb6-dd91-8322-453b700ac706",
  "outputs": {
    "jenkins_public_ip": {
      "value": "4.151.146.201",
      "type": "string"
    }
  },
  "resources": [
    {
      "mode": "data",
      "type": "azurerm_resource_group",
      "name": "jenkins_rg",
      "provider": "provider[\"registry.terraform.io/hashicorp/azurerm\"]",
      "instances": [
        {
          "schema_version": 0,
          "attributes": {
            "id": "/subscriptions/28e1e42a-4438-4c30-9a5f-7d7b488fd883/resourceGroups/1-612cd029-playground-sandbox",
            "location": "southcentralus",
            "managed_by": "",
            "name": "1-612cd029-playground-sandbox",
            "tags": {},
            "timeouts": null
          },
          "sensitive_attributes": [],
          "identity_schema_version": 0
        }
      ]
    },
    {
      "mode": "managed",
      "type": "azurerm_linux_virtual_machine",
      "name": "jenkins_vm",
      "provider": "provider[\"registry.terraform.io/hashicorp/azurerm\"]",
      "instances": [
        {
          "schema_version": 0,
          "attributes": {
            "additional_capabilities": [],
            "admin_password": null,
            "admin_ssh_key": [
              {
                "public_key": "ssh-rsa AAAAB3NzaC1yc2EAAAADAQABAAACAQDALJhezc/mNMlOEP2nqmYTuQ3UttW8EST1aEgddDf0LN4/yv2ebma1zo8fFR8xkxMknCsknmeKXe54UWrAevl7ztb59eNjrvQZ3CxwcK7rrvRtXCHZ6EGqQb5VGwVfooNYUt3tlsioclNdJav+qxaoioAOrH/izTH3zEoxiGvLy9QNEH0RhXc9E8zD7C343gGXjW3G7JlBOTLbbBZauhgmIMfGlBTZbgC5FEa09pkEKICHTfr8RPDvJ65clYF/3+QHLVWCIkGrVkxxUVGxHRbhUTievd1WWkp0qawxCMm6ixA4FD5dwwmHdrtDb2d04NVtMIkZJocQ08WiYU5G4vzGNz3cIEzI3RQjI+YjIc3pCbevQY28QuNYT8nSY/XP9Wwu/FCIfp4XdbkwKpA/T4iPhdgyx5/h6rkDtSMbcJvh5mMwjMoXss6oaS7Be8yVl8hU2z7eSbn7OzHCCrE+ewGa9xFwYg8W46G6kOpqjViaicBVDjHnRAjIULnJhf2+Ehglo6gNA6P/oEE7Pwxnhlduehm5EDNj1ggqFO7R69FNhYysOvlcLIGlcJGTbashzzFf8ShCKi5DBUXJi76y99hn2wwEPhVERHtM8RLiurxZTmSFwt9Rjljj3jGU0ALNyHuN5tQOJ8FzuqClnet1lmOvUXKJej/BxGlylkh2do+MVQ== tobalojede@Tobas-MacBook-Air.local\n",
                "username": "azureuser"
              }
            ],
            "admin_username": "azureuser",
            "allow_extension_operations": true,
            "availability_set_id": "",
            "boot_diagnostics": [],
            "bypass_platform_safety_checks_on_user_schedule_enabled": false,
            "capacity_reservation_group_id": "",
            "computer_name": "jenkins-vm",
            "custom_data": "IyEvYmluL2Jhc2gKCmFwdC1nZXQgdXBkYXRlCgphcHQtZ2V0IGluc3RhbGwgLXkgXAogIGZvbnRjb25maWcgXAogIG9wZW5qZGstMjEtanJlIFwKICBnaXQgXAogIGN1cmwgXAogIHdnZXQgXAogIGNhLWNlcnRpZmljYXRlcwoKIyBJbnN0YWxsIERvY2tlcgppbnN0YWxsIC1tIDA3NTUgLWQgL2V0Yy9hcHQva2V5cmluZ3MKCmN1cmwgLWZzU0wgaHR0cHM6Ly9kb3dubG9hZC5kb2NrZXIuY29tL2xpbnV4L3VidW50dS9ncGcgXAogIC1vIC9ldGMvYXB0L2tleXJpbmdzL2RvY2tlci5hc2MKCmNobW9kIGErciAvZXRjL2FwdC9rZXlyaW5ncy9kb2NrZXIuYXNjCgplY2hvIFwKICAiZGViIFthcmNoPSQoZHBrZyAtLXByaW50LWFyY2hpdGVjdHVyZSkgc2lnbmVkLWJ5PS9ldGMvYXB0L2tleXJpbmdzL2RvY2tlci5hc2NdIGh0dHBzOi8vZG93bmxvYWQuZG9ja2VyLmNvbS9saW51eC91YnVudHUgJCguIC9ldGMvb3MtcmVsZWFzZSAmJiBlY2hvICIkVkVSU0lPTl9DT0RFTkFNRSIpIHN0YWJsZSIgXAogID4gL2V0Yy9hcHQvc291cmNlcy5saXN0LmQvZG9ja2VyLmxpc3QKCmFwdC1nZXQgdXBkYXRlCgphcHQtZ2V0IGluc3RhbGwgLXkgXAogIGRvY2tlci1jZSBcCiAgZG9ja2VyLWNlLWNsaSBcCiAgY29udGFpbmVyZC5pbyBcCiAgZG9ja2VyLWJ1aWxkeC1wbHVnaW4gXAogIGRvY2tlci1jb21wb3NlLXBsdWdpbgoKc3lzdGVtY3RsIGVuYWJsZSBkb2NrZXIKc3lzdGVtY3RsIHN0YXJ0IGRvY2tlcgoKIyBJbnN0YWxsIEplbmtpbnMKd2dldCAtTyAvZXRjL2FwdC9rZXlyaW5ncy9qZW5raW5zLWtleXJpbmcuYXNjIFwKICBodHRwczovL3BrZy5qZW5raW5zLmlvL2RlYmlhbi1zdGFibGUvamVua2lucy5pby0yMDI2LmtleQoKZWNobyAiZGViIFtzaWduZWQtYnk9L2V0Yy9hcHQva2V5cmluZ3MvamVua2lucy1rZXlyaW5nLmFzY10gaHR0cHM6Ly9wa2cuamVua2lucy5pby9kZWJpYW4tc3RhYmxlIGJpbmFyeS8iIFwKICA+IC9ldGMvYXB0L3NvdXJjZXMubGlzdC5kL2plbmtpbnMubGlzdAoKYXB0LWdldCB1cGRhdGUKYXB0LWdldCBpbnN0YWxsIC15IGplbmtpbnMKCiMgQWxsb3cgSmVua2lucyB0byB1c2UgRG9ja2VyCnVzZXJtb2QgLWFHIGRvY2tlciBqZW5raW5zCgpzeXN0ZW1jdGwgZW5hYmxlIGplbmtpbnMKc3lzdGVtY3RsIHJlc3RhcnQgamVua2lucwo=",
            "dedicated_host_group_id": "",
            "dedicated_host_id": "",
            "disable_password_authentication": true,
            "disk_controller_type": "SCSI",
            "edge_zone": "",
            "encryption_at_host_enabled": false,
            "eviction_policy": "",
            "extensions_time_budget": "PT1H30M",
            "gallery_application": [],
            "id": "/subscriptions/28e1e42a-4438-4c30-9a5f-7d7b488fd883/resourceGroups/1-612cd029-playground-sandbox/providers/Microsoft.Compute/virtualMachines/jenkins-vm",
            "identity": [],
            "license_type": "",
            "location": "southcentralus",
            "max_bid_price": -1,
            "name": "jenkins-vm",
            "network_interface_ids": [
              "/subscriptions/28e1e42a-4438-4c30-9a5f-7d7b488fd883/resourceGroups/1-612cd029-playground-sandbox/providers/Microsoft.Network/networkInterfaces/jenkins-nic"
            ],
            "os_disk": [
              {
                "caching": "ReadWrite",
                "diff_disk_settings": [],
                "disk_encryption_set_id": "",
                "disk_size_gb": 30,
                "name": "jenkins-vm_disk1_9ef9b7a2637c4ad08e0fab57cd70755f",
                "secure_vm_disk_encryption_set_id": "",
                "security_encryption_type": "",
                "storage_account_type": "Standard_LRS",
                "write_accelerator_enabled": false
              }
            ],
            "os_image_notification": [],
            "patch_assessment_mode": "ImageDefault",
            "patch_mode": "ImageDefault",
            "plan": [],
            "platform_fault_domain": -1,
            "priority": "Regular",
            "private_ip_address": "10.0.1.4",
            "private_ip_addresses": [
              "10.0.1.4"
            ],
            "provision_vm_agent": true,
            "proximity_placement_group_id": "",
            "public_ip_address": "4.151.146.201",
            "public_ip_addresses": [
              "4.151.146.201"
            ],
            "reboot_setting": "",
            "resource_group_name": "1-612cd029-playground-sandbox",
            "secret": [],
            "secure_boot_enabled": false,
            "size": "Standard_B1s",
            "source_image_id": "",
            "source_image_reference": [
              {
                "offer": "0001-com-ubuntu-server-jammy",
                "publisher": "Canonical",
                "sku": "22_04-lts-gen2",
                "version": "latest"
              }
            ],
            "tags": null,
            "termination_notification": null,
            "timeouts": null,
            "user_data": "",
            "virtual_machine_id": "0e079755-394d-4124-9ea2-40d08688fcce",
            "virtual_machine_scale_set_id": "",
            "vm_agent_platform_updates_enabled": true,
            "vtpm_enabled": false,
            "zone": ""
          },
          "sensitive_attributes": [
            [
              {
                "type": "get_attr",
                "value": "admin_password"
              }
            ],
            [
              {
                "type": "get_attr",
                "value": "custom_data"
              }
            ]
          ],
          "identity_schema_version": 0,
          "private": "eyJlMmJmYjczMC1lY2FhLTExZTYtOGY4OC0zNDM2M2JjN2M0YzAiOnsiY3JlYXRlIjoyNzAwMDAwMDAwMDAwLCJkZWxldGUiOjI3MDAwMDAwMDAwMDAsInJlYWQiOjMwMDAwMDAwMDAwMCwidXBkYXRlIjoyNzAwMDAwMDAwMDAwfX0=",
          "dependencies": [
            "azurerm_network_interface.jenkins_nic",
            "azurerm_public_ip.jenkins_ip",
            "azurerm_subnet.jenkins_subnet",
            "azurerm_virtual_network.jenkins_vnet",
            "data.azurerm_resource_group.jenkins_rg"
          ]
        }
      ]
    },
    {
      "mode": "managed",
      "type": "azurerm_network_interface",
      "name": "jenkins_nic",
      "provider": "provider[\"registry.terraform.io/hashicorp/azurerm\"]",
      "instances": [
        {
          "schema_version": 0,
          "attributes": {
            "accelerated_networking_enabled": false,
            "applied_dns_servers": [],
            "auxiliary_mode": "",
            "auxiliary_sku": "",
            "dns_servers": [],
            "edge_zone": "",
            "enable_accelerated_networking": false,
            "enable_ip_forwarding": false,
            "id": "/subscriptions/28e1e42a-4438-4c30-9a5f-7d7b488fd883/resourceGroups/1-612cd029-playground-sandbox/providers/Microsoft.Network/networkInterfaces/jenkins-nic",
            "internal_dns_name_label": "",
            "internal_domain_name_suffix": "nvb1omhmivxuhclmiwymgmx15d.jx.internal.cloudapp.net",
            "ip_configuration": [
              {
                "gateway_load_balancer_frontend_ip_configuration_id": "",
                "name": "internal",
                "primary": true,
                "private_ip_address": "10.0.1.4",
                "private_ip_address_allocation": "Dynamic",
                "private_ip_address_version": "IPv4",
                "public_ip_address_id": "/subscriptions/28e1e42a-4438-4c30-9a5f-7d7b488fd883/resourceGroups/1-612cd029-playground-sandbox/providers/Microsoft.Network/publicIPAddresses/jenkins-public-ip",
                "subnet_id": "/subscriptions/28e1e42a-4438-4c30-9a5f-7d7b488fd883/resourceGroups/1-612cd029-playground-sandbox/providers/Microsoft.Network/virtualNetworks/jenkins-vnet/subnets/jenkins-subnet"
              }
            ],
            "ip_forwarding_enabled": false,
            "location": "southcentralus",
            "mac_address": "",
            "name": "jenkins-nic",
            "private_ip_address": "10.0.1.4",
            "private_ip_addresses": [
              "10.0.1.4"
            ],
            "resource_group_name": "1-612cd029-playground-sandbox",
            "tags": {},
            "timeouts": null,
            "virtual_machine_id": ""
          },
          "sensitive_attributes": [],
          "identity_schema_version": 0,
          "private": "eyJlMmJmYjczMC1lY2FhLTExZTYtOGY4OC0zNDM2M2JjN2M0YzAiOnsiY3JlYXRlIjoxODAwMDAwMDAwMDAwLCJkZWxldGUiOjE4MDAwMDAwMDAwMDAsInJlYWQiOjMwMDAwMDAwMDAwMCwidXBkYXRlIjoxODAwMDAwMDAwMDAwfX0=",
          "dependencies": [
            "azurerm_public_ip.jenkins_ip",
            "azurerm_subnet.jenkins_subnet",
            "azurerm_virtual_network.jenkins_vnet",
            "data.azurerm_resource_group.jenkins_rg"
          ]
        }
      ]
    },
    {
      "mode": "managed",
      "type": "azurerm_network_interface_security_group_association",
      "name": "jenkins_nsg_assoc",
      "provider": "provider[\"registry.terraform.io/hashicorp/azurerm\"]",
      "instances": [
        {
          "schema_version": 0,
          "attributes": {
            "id": "/subscriptions/28e1e42a-4438-4c30-9a5f-7d7b488fd883/resourceGroups/1-612cd029-playground-sandbox/providers/Microsoft.Network/networkInterfaces/jenkins-nic|/subscriptions/28e1e42a-4438-4c30-9a5f-7d7b488fd883/resourceGroups/1-612cd029-playground-sandbox/providers/Microsoft.Network/networkSecurityGroups/jenkins-nsg",
            "network_interface_id": "/subscriptions/28e1e42a-4438-4c30-9a5f-7d7b488fd883/resourceGroups/1-612cd029-playground-sandbox/providers/Microsoft.Network/networkInterfaces/jenkins-nic",
            "network_security_group_id": "/subscriptions/28e1e42a-4438-4c30-9a5f-7d7b488fd883/resourceGroups/1-612cd029-playground-sandbox/providers/Microsoft.Network/networkSecurityGroups/jenkins-nsg",
            "timeouts": null
          },
          "sensitive_attributes": [],
          "identity_schema_version": 0,
          "private": "eyJlMmJmYjczMC1lY2FhLTExZTYtOGY4OC0zNDM2M2JjN2M0YzAiOnsiY3JlYXRlIjoxODAwMDAwMDAwMDAwLCJkZWxldGUiOjE4MDAwMDAwMDAwMDAsInJlYWQiOjMwMDAwMDAwMDAwMH19",
          "dependencies": [
            "azurerm_network_interface.jenkins_nic",
            "azurerm_network_security_group.jenkins_nsg",
            "azurerm_public_ip.jenkins_ip",
            "azurerm_subnet.jenkins_subnet",
            "azurerm_virtual_network.jenkins_vnet",
            "data.azurerm_resource_group.jenkins_rg"
          ]
        }
      ]
    },
    {
      "mode": "managed",
      "type": "azurerm_network_security_group",
      "name": "jenkins_nsg",
      "provider": "provider[\"registry.terraform.io/hashicorp/azurerm\"]",
      "instances": [
        {
          "schema_version": 0,
          "attributes": {
            "id": "/subscriptions/28e1e42a-4438-4c30-9a5f-7d7b488fd883/resourceGroups/1-612cd029-playground-sandbox/providers/Microsoft.Network/networkSecurityGroups/jenkins-nsg",
            "location": "southcentralus",
            "name": "jenkins-nsg",
            "resource_group_name": "1-612cd029-playground-sandbox",
            "security_rule": [
              {
                "access": "Allow",
                "description": "",
                "destination_address_prefix": "*",
                "destination_address_prefixes": [],
                "destination_application_security_group_ids": [],
                "destination_port_range": "22",
                "destination_port_ranges": [],
                "direction": "Inbound",
                "name": "SSH",
                "priority": 100,
                "protocol": "Tcp",
                "source_address_prefix": "*",
                "source_address_prefixes": [],
                "source_application_security_group_ids": [],
                "source_port_range": "*",
                "source_port_ranges": []
              },
              {
                "access": "Allow",
                "description": "",
                "destination_address_prefix": "*",
                "destination_address_prefixes": [],
                "destination_application_security_group_ids": [],
                "destination_port_range": "8080",
                "destination_port_ranges": [],
                "direction": "Inbound",
                "name": "Jenkins",
                "priority": 110,
                "protocol": "Tcp",
                "source_address_prefix": "*",
                "source_address_prefixes": [],
                "source_application_security_group_ids": [],
                "source_port_range": "*",
                "source_port_ranges": []
              }
            ],
            "tags": {},
            "timeouts": null
          },
          "sensitive_attributes": [],
          "identity_schema_version": 0,
          "private": "eyJlMmJmYjczMC1lY2FhLTExZTYtOGY4OC0zNDM2M2JjN2M0YzAiOnsiY3JlYXRlIjoxODAwMDAwMDAwMDAwLCJkZWxldGUiOjE4MDAwMDAwMDAwMDAsInJlYWQiOjMwMDAwMDAwMDAwMCwidXBkYXRlIjoxODAwMDAwMDAwMDAwfX0=",
          "dependencies": [
            "data.azurerm_resource_group.jenkins_rg"
          ]
        }
      ]
    },
    {
      "mode": "managed",
      "type": "azurerm_public_ip",
      "name": "jenkins_ip",
      "provider": "provider[\"registry.terraform.io/hashicorp/azurerm\"]",
      "instances": [
        {
          "schema_version": 0,
          "attributes": {
            "allocation_method": "Static",
            "ddos_protection_mode": "VirtualNetworkInherited",
            "ddos_protection_plan_id": null,
            "domain_name_label": null,
            "edge_zone": "",
            "fqdn": null,
            "id": "/subscriptions/28e1e42a-4438-4c30-9a5f-7d7b488fd883/resourceGroups/1-612cd029-playground-sandbox/providers/Microsoft.Network/publicIPAddresses/jenkins-public-ip",
            "idle_timeout_in_minutes": 4,
            "ip_address": "4.151.146.201",
            "ip_tags": {},
            "ip_version": "IPv4",
            "location": "southcentralus",
            "name": "jenkins-public-ip",
            "public_ip_prefix_id": null,
            "resource_group_name": "1-612cd029-playground-sandbox",
            "reverse_fqdn": null,
            "sku": "Standard",
            "sku_tier": "Regional",
            "tags": {},
            "timeouts": null,
            "zones": []
          },
          "sensitive_attributes": [],
          "identity_schema_version": 0,
          "private": "eyJlMmJmYjczMC1lY2FhLTExZTYtOGY4OC0zNDM2M2JjN2M0YzAiOnsiY3JlYXRlIjoxODAwMDAwMDAwMDAwLCJkZWxldGUiOjE4MDAwMDAwMDAwMDAsInJlYWQiOjMwMDAwMDAwMDAwMCwidXBkYXRlIjoxODAwMDAwMDAwMDAwfX0=",
          "dependencies": [
            "data.azurerm_resource_group.jenkins_rg"
          ]
        }
      ]
    },
    {
      "mode": "managed",
      "type": "azurerm_subnet",
      "name": "jenkins_subnet",
      "provider": "provider[\"registry.terraform.io/hashicorp/azurerm\"]",
      "instances": [
        {
          "schema_version": 0,
          "attributes": {
            "address_prefixes": [
              "10.0.1.0/24"
            ],
            "default_outbound_access_enabled": true,
            "delegation": [],
            "enforce_private_link_endpoint_network_policies": false,
            "enforce_private_link_service_network_policies": false,
            "id": "/subscriptions/28e1e42a-4438-4c30-9a5f-7d7b488fd883/resourceGroups/1-612cd029-playground-sandbox/providers/Microsoft.Network/virtualNetworks/jenkins-vnet/subnets/jenkins-subnet",
            "name": "jenkins-subnet",
            "private_endpoint_network_policies": "Enabled",
            "private_endpoint_network_policies_enabled": true,
            "private_link_service_network_policies_enabled": true,
            "resource_group_name": "1-612cd029-playground-sandbox",
            "service_endpoint_policy_ids": [],
            "service_endpoints": [],
            "timeouts": null,
            "virtual_network_name": "jenkins-vnet"
          },
          "sensitive_attributes": [],
          "identity_schema_version": 0,
          "private": "eyJlMmJmYjczMC1lY2FhLTExZTYtOGY4OC0zNDM2M2JjN2M0YzAiOnsiY3JlYXRlIjoxODAwMDAwMDAwMDAwLCJkZWxldGUiOjE4MDAwMDAwMDAwMDAsInJlYWQiOjMwMDAwMDAwMDAwMCwidXBkYXRlIjoxODAwMDAwMDAwMDAwfX0=",
          "dependencies": [
            "azurerm_virtual_network.jenkins_vnet",
            "data.azurerm_resource_group.jenkins_rg"
          ]
        }
      ]
    },
    {
      "mode": "managed",
      "type": "azurerm_virtual_network",
      "name": "jenkins_vnet",
      "provider": "provider[\"registry.terraform.io/hashicorp/azurerm\"]",
      "instances": [
        {
          "schema_version": 0,
          "attributes": {
            "address_space": [
              "10.0.0.0/16"
            ],
            "bgp_community": "",
            "ddos_protection_plan": [],
            "dns_servers": [],
            "edge_zone": "",
            "encryption": [],
            "flow_timeout_in_minutes": 0,
            "guid": "30b7436d-45ec-436f-896c-45b0c332fbfb",
            "id": "/subscriptions/28e1e42a-4438-4c30-9a5f-7d7b488fd883/resourceGroups/1-612cd029-playground-sandbox/providers/Microsoft.Network/virtualNetworks/jenkins-vnet",
            "location": "southcentralus",
            "name": "jenkins-vnet",
            "resource_group_name": "1-612cd029-playground-sandbox",
            "subnet": [
              {
                "address_prefix": "10.0.1.0/24",
                "id": "/subscriptions/28e1e42a-4438-4c30-9a5f-7d7b488fd883/resourceGroups/1-612cd029-playground-sandbox/providers/Microsoft.Network/virtualNetworks/jenkins-vnet/subnets/jenkins-subnet",
                "name": "jenkins-subnet",
                "security_group": ""
              }
            ],
            "tags": {},
            "timeouts": null
          },
          "sensitive_attributes": [],
          "identity_schema_version": 0,
          "private": "eyJlMmJmYjczMC1lY2FhLTExZTYtOGY4OC0zNDM2M2JjN2M0YzAiOnsiY3JlYXRlIjoxODAwMDAwMDAwMDAwLCJkZWxldGUiOjE4MDAwMDAwMDAwMDAsInJlYWQiOjMwMDAwMDAwMDAwMCwidXBkYXRlIjoxODAwMDAwMDAwMDAwfX0=",
          "dependencies": [
            "data.azurerm_resource_group.jenkins_rg"
          ]
        }
      ]
    }
  ],
  "check_results": null
}
