{
  "version": 4,
  "terraform_version": "1.15.8",
  "serial": 8,
  "lineage": "d527ffac-7bb6-dd91-8322-453b700ac706",
  "outputs": {},
  "resources": [
    {
      "mode": "data",
      "type": "azurerm_resource_group",
      "name": "jenkins_rg",
      "provider": "provider[\"registry.terraform.io/hashicorp/azurerm\"]",
      "instances": [
        {
          "schema_version": 0,
          "attributes": {
            "id": "/subscriptions/28e1e42a-4438-4c30-9a5f-7d7b488fd883/resourceGroups/1-612cd029-playground-sandbox",
            "location": "southcentralus",
            "managed_by": "",
            "name": "1-612cd029-playground-sandbox",
            "tags": {},
            "timeouts": null
          },
          "sensitive_attributes": [],
          "identity_schema_version": 0
        }
      ]
    },
    {
      "mode": "managed",
      "type": "azurerm_network_interface",
      "name": "jenkins_nic",
      "provider": "provider[\"registry.terraform.io/hashicorp/azurerm\"]",
      "instances": [
        {
          "schema_version": 0,
          "attributes": {
            "accelerated_networking_enabled": false,
            "applied_dns_servers": [],
            "auxiliary_mode": "",
            "auxiliary_sku": "",
            "dns_servers": [],
            "edge_zone": "",
            "enable_accelerated_networking": false,
            "enable_ip_forwarding": false,
            "id": "/subscriptions/28e1e42a-4438-4c30-9a5f-7d7b488fd883/resourceGroups/1-612cd029-playground-sandbox/providers/Microsoft.Network/networkInterfaces/jenkins-nic",
            "internal_dns_name_label": "",
            "internal_domain_name_suffix": "nvb1omhmivxuhclmiwymgmx15d.jx.internal.cloudapp.net",
            "ip_configuration": [
              {
                "gateway_load_balancer_frontend_ip_configuration_id": "",
                "name": "internal",
                "primary": true,
                "private_ip_address": "10.0.1.4",
                "private_ip_address_allocation": "Dynamic",
                "private_ip_address_version": "IPv4",
                "public_ip_address_id": "/subscriptions/28e1e42a-4438-4c30-9a5f-7d7b488fd883/resourceGroups/1-612cd029-playground-sandbox/providers/Microsoft.Network/publicIPAddresses/jenkins-public-ip",
                "subnet_id": "/subscriptions/28e1e42a-4438-4c30-9a5f-7d7b488fd883/resourceGroups/1-612cd029-playground-sandbox/providers/Microsoft.Network/virtualNetworks/jenkins-vnet/subnets/jenkins-subnet"
              }
            ],
            "ip_forwarding_enabled": false,
            "location": "southcentralus",
            "mac_address": "",
            "name": "jenkins-nic",
            "private_ip_address": "10.0.1.4",
            "private_ip_addresses": [
              "10.0.1.4"
            ],
            "resource_group_name": "1-612cd029-playground-sandbox",
            "tags": null,
            "timeouts": null,
            "virtual_machine_id": ""
          },
          "sensitive_attributes": [],
          "identity_schema_version": 0,
          "private": "eyJlMmJmYjczMC1lY2FhLTExZTYtOGY4OC0zNDM2M2JjN2M0YzAiOnsiY3JlYXRlIjoxODAwMDAwMDAwMDAwLCJkZWxldGUiOjE4MDAwMDAwMDAwMDAsInJlYWQiOjMwMDAwMDAwMDAwMCwidXBkYXRlIjoxODAwMDAwMDAwMDAwfX0=",
          "dependencies": [
            "azurerm_public_ip.jenkins_ip",
            "azurerm_subnet.jenkins_subnet",
            "azurerm_virtual_network.jenkins_vnet",
            "data.azurerm_resource_group.jenkins_rg"
          ]
        }
      ]
    },
    {
      "mode": "managed",
      "type": "azurerm_network_interface_security_group_association",
      "name": "jenkins_nsg_assoc",
      "provider": "provider[\"registry.terraform.io/hashicorp/azurerm\"]",
      "instances": [
        {
          "schema_version": 0,
          "attributes": {
            "id": "/subscriptions/28e1e42a-4438-4c30-9a5f-7d7b488fd883/resourceGroups/1-612cd029-playground-sandbox/providers/Microsoft.Network/networkInterfaces/jenkins-nic|/subscriptions/28e1e42a-4438-4c30-9a5f-7d7b488fd883/resourceGroups/1-612cd029-playground-sandbox/providers/Microsoft.Network/networkSecurityGroups/jenkins-nsg",
            "network_interface_id": "/subscriptions/28e1e42a-4438-4c30-9a5f-7d7b488fd883/resourceGroups/1-612cd029-playground-sandbox/providers/Microsoft.Network/networkInterfaces/jenkins-nic",
            "network_security_group_id": "/subscriptions/28e1e42a-4438-4c30-9a5f-7d7b488fd883/resourceGroups/1-612cd029-playground-sandbox/providers/Microsoft.Network/networkSecurityGroups/jenkins-nsg",
            "timeouts": null
          },
          "sensitive_attributes": [],
          "identity_schema_version": 0,
          "private": "eyJlMmJmYjczMC1lY2FhLTExZTYtOGY4OC0zNDM2M2JjN2M0YzAiOnsiY3JlYXRlIjoxODAwMDAwMDAwMDAwLCJkZWxldGUiOjE4MDAwMDAwMDAwMDAsInJlYWQiOjMwMDAwMDAwMDAwMH19",
          "dependencies": [
            "azurerm_network_interface.jenkins_nic",
            "azurerm_network_security_group.jenkins_nsg",
            "azurerm_public_ip.jenkins_ip",
            "azurerm_subnet.jenkins_subnet",
            "azurerm_virtual_network.jenkins_vnet",
            "data.azurerm_resource_group.jenkins_rg"
          ]
        }
      ]
    },
    {
      "mode": "managed",
      "type": "azurerm_network_security_group",
      "name": "jenkins_nsg",
      "provider": "provider[\"registry.terraform.io/hashicorp/azurerm\"]",
      "instances": [
        {
          "schema_version": 0,
          "attributes": {
            "id": "/subscriptions/28e1e42a-4438-4c30-9a5f-7d7b488fd883/resourceGroups/1-612cd029-playground-sandbox/providers/Microsoft.Network/networkSecurityGroups/jenkins-nsg",
            "location": "southcentralus",
            "name": "jenkins-nsg",
            "resource_group_name": "1-612cd029-playground-sandbox",
            "security_rule": [
              {
                "access": "Allow",
                "description": "",
                "destination_address_prefix": "*",
                "destination_address_prefixes": [],
                "destination_application_security_group_ids": [],
                "destination_port_range": "22",
                "destination_port_ranges": [],
                "direction": "Inbound",
                "name": "SSH",
                "priority": 100,
                "protocol": "Tcp",
                "source_address_prefix": "*",
                "source_address_prefixes": [],
                "source_application_security_group_ids": [],
                "source_port_range": "*",
                "source_port_ranges": []
              },
              {
                "access": "Allow",
                "description": "",
                "destination_address_prefix": "*",
                "destination_address_prefixes": [],
                "destination_application_security_group_ids": [],
                "destination_port_range": "8080",
                "destination_port_ranges": [],
                "direction": "Inbound",
                "name": "Jenkins",
                "priority": 110,
                "protocol": "Tcp",
                "source_address_prefix": "*",
                "source_address_prefixes": [],
                "source_application_security_group_ids": [],
                "source_port_range": "*",
                "source_port_ranges": []
              }
            ],
            "tags": null,
            "timeouts": null
          },
          "sensitive_attributes": [],
          "identity_schema_version": 0,
          "private": "eyJlMmJmYjczMC1lY2FhLTExZTYtOGY4OC0zNDM2M2JjN2M0YzAiOnsiY3JlYXRlIjoxODAwMDAwMDAwMDAwLCJkZWxldGUiOjE4MDAwMDAwMDAwMDAsInJlYWQiOjMwMDAwMDAwMDAwMCwidXBkYXRlIjoxODAwMDAwMDAwMDAwfX0=",
          "dependencies": [
            "data.azurerm_resource_group.jenkins_rg"
          ]
        }
      ]
    },
    {
      "mode": "managed",
      "type": "azurerm_public_ip",
      "name": "jenkins_ip",
      "provider": "provider[\"registry.terraform.io/hashicorp/azurerm\"]",
      "instances": [
        {
          "schema_version": 0,
          "attributes": {
            "allocation_method": "Static",
            "ddos_protection_mode": "VirtualNetworkInherited",
            "ddos_protection_plan_id": null,
            "domain_name_label": null,
            "edge_zone": "",
            "fqdn": null,
            "id": "/subscriptions/28e1e42a-4438-4c30-9a5f-7d7b488fd883/resourceGroups/1-612cd029-playground-sandbox/providers/Microsoft.Network/publicIPAddresses/jenkins-public-ip",
            "idle_timeout_in_minutes": 4,
            "ip_address": "4.151.146.201",
            "ip_tags": null,
            "ip_version": "IPv4",
            "location": "southcentralus",
            "name": "jenkins-public-ip",
            "public_ip_prefix_id": null,
            "resource_group_name": "1-612cd029-playground-sandbox",
            "reverse_fqdn": null,
            "sku": "Standard",
            "sku_tier": "Regional",
            "tags": null,
            "timeouts": null,
            "zones": null
          },
          "sensitive_attributes": [],
          "identity_schema_version": 0,
          "private": "eyJlMmJmYjczMC1lY2FhLTExZTYtOGY4OC0zNDM2M2JjN2M0YzAiOnsiY3JlYXRlIjoxODAwMDAwMDAwMDAwLCJkZWxldGUiOjE4MDAwMDAwMDAwMDAsInJlYWQiOjMwMDAwMDAwMDAwMCwidXBkYXRlIjoxODAwMDAwMDAwMDAwfX0=",
          "dependencies": [
            "data.azurerm_resource_group.jenkins_rg"
          ]
        }
      ]
    },
    {
      "mode": "managed",
      "type": "azurerm_subnet",
      "name": "jenkins_subnet",
      "provider": "provider[\"registry.terraform.io/hashicorp/azurerm\"]",
      "instances": [
        {
          "schema_version": 0,
          "attributes": {
            "address_prefixes": [
              "10.0.1.0/24"
            ],
            "default_outbound_access_enabled": true,
            "delegation": [],
            "enforce_private_link_endpoint_network_policies": false,
            "enforce_private_link_service_network_policies": false,
            "id": "/subscriptions/28e1e42a-4438-4c30-9a5f-7d7b488fd883/resourceGroups/1-612cd029-playground-sandbox/providers/Microsoft.Network/virtualNetworks/jenkins-vnet/subnets/jenkins-subnet",
            "name": "jenkins-subnet",
            "private_endpoint_network_policies": "Enabled",
            "private_endpoint_network_policies_enabled": true,
            "private_link_service_network_policies_enabled": true,
            "resource_group_name": "1-612cd029-playground-sandbox",
            "service_endpoint_policy_ids": null,
            "service_endpoints": null,
            "timeouts": null,
            "virtual_network_name": "jenkins-vnet"
          },
          "sensitive_attributes": [],
          "identity_schema_version": 0,
          "private": "eyJlMmJmYjczMC1lY2FhLTExZTYtOGY4OC0zNDM2M2JjN2M0YzAiOnsiY3JlYXRlIjoxODAwMDAwMDAwMDAwLCJkZWxldGUiOjE4MDAwMDAwMDAwMDAsInJlYWQiOjMwMDAwMDAwMDAwMCwidXBkYXRlIjoxODAwMDAwMDAwMDAwfX0=",
          "dependencies": [
            "azurerm_virtual_network.jenkins_vnet",
            "data.azurerm_resource_group.jenkins_rg"
          ]
        }
      ]
    },
    {
      "mode": "managed",
      "type": "azurerm_virtual_network",
      "name": "jenkins_vnet",
      "provider": "provider[\"registry.terraform.io/hashicorp/azurerm\"]",
      "instances": [
        {
          "schema_version": 0,
          "attributes": {
            "address_space": [
              "10.0.0.0/16"
            ],
            "bgp_community": "",
            "ddos_protection_plan": [],
            "dns_servers": [],
            "edge_zone": "",
            "encryption": [],
            "flow_timeout_in_minutes": 0,
            "guid": "30b7436d-45ec-436f-896c-45b0c332fbfb",
            "id": "/subscriptions/28e1e42a-4438-4c30-9a5f-7d7b488fd883/resourceGroups/1-612cd029-playground-sandbox/providers/Microsoft.Network/virtualNetworks/jenkins-vnet",
            "location": "southcentralus",
            "name": "jenkins-vnet",
            "resource_group_name": "1-612cd029-playground-sandbox",
            "subnet": [],
            "tags": null,
            "timeouts": null
          },
          "sensitive_attributes": [],
          "identity_schema_version": 0,
          "private": "eyJlMmJmYjczMC1lY2FhLTExZTYtOGY4OC0zNDM2M2JjN2M0YzAiOnsiY3JlYXRlIjoxODAwMDAwMDAwMDAwLCJkZWxldGUiOjE4MDAwMDAwMDAwMDAsInJlYWQiOjMwMDAwMDAwMDAwMCwidXBkYXRlIjoxODAwMDAwMDAwMDAwfX0=",
          "dependencies": [
            "data.azurerm_resource_group.jenkins_rg"
          ]
        }
      ]
    }
  ],
  "check_results": null
}
